
Microsoft Visual Studio Solution File, Format Version 12.00
# Visual Studio Version 17
VisualStudioVersion = 17.5.33516.290
MinimumVisualStudioVersion = 10.0.40219.1
Project("{FAE04EC0-301F-11D3-BF4B-00C04F79EFBC}") = "APIProject01", "APIProject01\APIProject01.csproj", "{FF3A67F1-852C-4275-9B5C-A309C11FE7EB}"
EndProject
Global
	GlobalSection(SolutionConfigurationPlatforms) = preSolution
		Debug|Any CPU = Debug|Any CPU
		Release|Any CPU = Release|Any CPU
	EndGlobalSection
	GlobalSection(ProjectConfigurationPlatforms) = postSolution
		{FF3A67F1-852C-4275-9B5C-A309C11FE7EB}.Debug|Any CPU.ActiveCfg = Debug|Any CPU
		{FF3A67F1-852C-4275-9B5C-A309C11FE7EB}.Debug|Any CPU.Build.0 = Debug|Any CPU
		{FF3A67F1-852C-4275-9B5C-A309C11FE7EB}.Release|Any CPU.ActiveCfg = Release|Any CPU
		{FF3A67F1-852C-4275-9B5C-A309C11FE7EB}.Release|Any CPU.Build.0 = Release|Any CPU
	EndGlobalSection
	GlobalSection(SolutionProperties) = preSolution
		HideSolutionNode = FALSE
	EndGlobalSection
	GlobalSection(ExtensibilityGlobals) = postSolution
		SolutionGuid = {237F3937-1815-42F9-82A3-D027184EA224}
	EndGlobalSection
EndGlobal
